
Microsoft Visual Studio Solution File, Format Version 12.00
# Visual Studio Version 17
VisualStudioVersion = 17.8.34309.116
MinimumVisualStudioVersion = 10.0.40219.1
Project("{FAE04EC0-301F-11D3-BF4B-00C04F79EFBC}") = "COS398FINALPROJECTADAMTADDIA", "COS398FINALPROJECTADAMTADDIA\COS398FINALPROJECTADAMTADDIA.csproj", "{A5D8C900-46DE-4CB8-8E2D-606DFDEF0090}"
EndProject
Global
	GlobalSection(SolutionConfigurationPlatforms) = preSolution
		Debug|Any CPU = Debug|Any CPU
		Release|Any CPU = Release|Any CPU
	EndGlobalSection
	GlobalSection(ProjectConfigurationPlatforms) = postSolution
		{A5D8C900-46DE-4CB8-8E2D-606DFDEF0090}.Debug|Any CPU.ActiveCfg = Debug|Any CPU
		{A5D8C900-46DE-4CB8-8E2D-606DFDEF0090}.Debug|Any CPU.Build.0 = Debug|Any CPU
		{A5D8C900-46DE-4CB8-8E2D-606DFDEF0090}.Release|Any CPU.ActiveCfg = Release|Any CPU
		{A5D8C900-46DE-4CB8-8E2D-606DFDEF0090}.Release|Any CPU.Build.0 = Release|Any CPU
	EndGlobalSection
	GlobalSection(SolutionProperties) = preSolution
		HideSolutionNode = FALSE
	EndGlobalSection
	GlobalSection(ExtensibilityGlobals) = postSolution
		SolutionGuid = {660240CB-8F59-4811-B622-E412D29B454D}
	EndGlobalSection
EndGlobal
